<?xml version="1.0" encoding="utf-8"?>
<Project ToolsVersion="4.0" xmlns="http://schemas.microsoft.com/developer/msbuild/2003">
  <ItemGroup>
    <Filter Include="소스 파일">
      <UniqueIdentifier>{4FC737F1-C7A5-4376-A066-2A32D752A2FF}</UniqueIdentifier>
      <Extensions>cpp;c;cc;cxx;c++;cppm;ixx;def;odl;idl;hpj;bat;asm;asmx</Extensions>
    </Filter>
    <Filter Include="헤더 파일">
      <UniqueIdentifier>{93995380-89BD-4b04-88EB-625FBE52EBFB}</UniqueIdentifier>
      <Extensions>h;hh;hpp;hxx;h++;hm;inl;inc;ipp;xsd</Extensions>
    </Filter>
    <Filter Include="리소스 파일">
      <UniqueIdentifier>{67DA6AB6-F800-4c08-8B7A-83BB121AAD01}</UniqueIdentifier>
      <Extensions>rc;ico;cur;bmp;dlg;rc2;rct;bin;rgs;gif;jpg;jpeg;jpe;resx;tiff;tif;png;wav;mfcribbon-ms</Extensions>
    </Filter>
  </ItemGroup>
  <ItemGroup>
    <ClCompile Include="2_4344_평균은 넘겠지.cpp">
      <Filter>소스 파일</Filter>
    </ClCompile>
    <ClCompile Include="3_1475_방번호.cpp">
      <Filter>소스 파일</Filter>
    </ClCompile>
    <ClCompile Include="1_2920_음계.cpp">
      <Filter>소스 파일</Filter>
    </ClCompile>
    <ClCompile Include="4_1026_보물.cpp">
      <Filter>소스 파일</Filter>
    </ClCompile>
    <ClCompile Include="5_2577_숫자의 개수.cpp">
      <Filter>소스 파일</Filter>
    </ClCompile>
    <ClCompile Include="A001_임승범_20240112.cpp">
      <Filter>소스 파일</Filter>
    </ClCompile>
    <ClCompile Include="A002_임승범_20240112.cpp">
      <Filter>소스 파일</Filter>
    </ClCompile>
    <ClCompile Include="A003_임승범_20240112.cpp">
      <Filter>소스 파일</Filter>
    </ClCompile>
    <ClCompile Include="A004_임승범_20240112.cpp">
      <Filter>소스 파일</Filter>
    </ClCompile>
    <ClCompile Include="A005_임승범_20240112.cpp">
      <Filter>소스 파일</Filter>
    </ClCompile>
    <ClCompile Include="A006_임승범_20240112.cpp">
      <Filter>소스 파일</Filter>
    </ClCompile>
    <ClCompile Include="A007_임승범_20240112.cpp">
      <Filter>소스 파일</Filter>
    </ClCompile>
    <ClCompile Include="A008_임승범_20240112.cpp">
      <Filter>소스 파일</Filter>
    </ClCompile>
    <ClCompile Include="A009_임승범_20240112.cpp">
      <Filter>소스 파일</Filter>
    </ClCompile>
    <ClCompile Include="A010_임승범_20240113.cpp">
      <Filter>소스 파일</Filter>
    </ClCompile>
    <ClCompile Include="A012_임승범_20240114.cpp">
      <Filter>소스 파일</Filter>
    </ClCompile>
    <ClCompile Include="A011_임승범_20240114.cpp">
      <Filter>소스 파일</Filter>
    </ClCompile>
    <ClCompile Include="A013_임승범_20240115.cpp">
      <Filter>소스 파일</Filter>
    </ClCompile>
    <ClCompile Include="A014_임승범_20240115.cpp">
      <Filter>소스 파일</Filter>
    </ClCompile>
    <ClCompile Include="A015_임승범_20240115.cpp">
      <Filter>소스 파일</Filter>
    </ClCompile>
    <ClCompile Include="A016_임승범_20240122.cpp">
      <Filter>소스 파일</Filter>
    </ClCompile>
    <ClCompile Include="A017_임승범_20240122.cpp">
      <Filter>소스 파일</Filter>
    </ClCompile>
    <ClCompile Include="A018_임승범_20240122.cpp">
      <Filter>소스 파일</Filter>
    </ClCompile>
    <ClCompile Include="A019_임승범_20240122.cpp">
      <Filter>소스 파일</Filter>
    </ClCompile>
    <ClCompile Include="A020_임승범_20240122.cpp">
      <Filter>소스 파일</Filter>
    </ClCompile>
    <ClCompile Include="A021_임승범_20240122.cpp">
      <Filter>소스 파일</Filter>
    </ClCompile>
    <ClCompile Include="A022_임승범_20240122.cpp">
      <Filter>소스 파일</Filter>
    </ClCompile>
    <ClCompile Include="A023_임승범_20240122.cpp">
      <Filter>소스 파일</Filter>
    </ClCompile>
    <ClCompile Include="A024_임승범_20240122.cpp">
      <Filter>소스 파일</Filter>
    </ClCompile>
    <ClCompile Include="A025_임승범_20240122.cpp">
      <Filter>소스 파일</Filter>
    </ClCompile>
    <ClCompile Include="A026_임승범_20240122.cpp">
      <Filter>소스 파일</Filter>
    </ClCompile>
    <ClCompile Include="A027_임승범_20240122.cpp">
      <Filter>소스 파일</Filter>
    </ClCompile>
    <ClCompile Include="A028_임승범_20240127.cpp">
      <Filter>소스 파일</Filter>
    </ClCompile>
    <ClCompile Include="A029_임승범_20240127.cpp">
      <Filter>소스 파일</Filter>
    </ClCompile>
    <ClCompile Include="A030_임승범_20240127.cpp">
      <Filter>소스 파일</Filter>
    </ClCompile>
    <ClCompile Include="A031_임승범_20240127.cpp">
      <Filter>소스 파일</Filter>
    </ClCompile>
    <ClCompile Include="A032_임승범_20240127.cpp">
      <Filter>소스 파일</Filter>
    </ClCompile>
    <ClCompile Include="A033_임승범_20240127.cpp">
      <Filter>소스 파일</Filter>
    </ClCompile>
    <ClCompile Include="A034_임승범_20240127.cpp">
      <Filter>소스 파일</Filter>
    </ClCompile>
    <ClCompile Include="A035_임승범_20240127.cpp">
      <Filter>소스 파일</Filter>
    </ClCompile>
    <ClCompile Include="A037_임승범_20240127.cpp">
      <Filter>소스 파일</Filter>
    </ClCompile>
    <ClCompile Include="A038_임승범_20240127.cpp">
      <Filter>소스 파일</Filter>
    </ClCompile>
    <ClCompile Include="A039_임승범_20240127.cpp">
      <Filter>소스 파일</Filter>
    </ClCompile>
    <ClCompile Include="A040_임승범_20240127.cpp">
      <Filter>소스 파일</Filter>
    </ClCompile>
    <ClCompile Include="A041_임승범_20240127.cpp">
      <Filter>소스 파일</Filter>
    </ClCompile>
    <ClCompile Include="A042_임승범_20240127.cpp">
      <Filter>소스 파일</Filter>
    </ClCompile>
    <ClCompile Include="A043_임승범_20240128.cpp">
      <Filter>소스 파일</Filter>
    </ClCompile>
    <ClCompile Include="A044_임승범_20240128.cpp">
      <Filter>소스 파일</Filter>
    </ClCompile>
    <ClCompile Include="A045_임승범_20240128.cpp">
      <Filter>소스 파일</Filter>
    </ClCompile>
    <ClCompile Include="A046_임승범_20240128.cpp">
      <Filter>소스 파일</Filter>
    </ClCompile>
    <ClCompile Include="A047_임승범_20240129.cpp">
      <Filter>소스 파일</Filter>
    </ClCompile>
    <ClCompile Include="A048_임승범_20240129.cpp">
      <Filter>소스 파일</Filter>
    </ClCompile>
    <ClCompile Include="A049_임승범_20240202.cpp">
      <Filter>소스 파일</Filter>
    </ClCompile>
    <ClCompile Include="A050_임승범_20240202.cpp">
      <Filter>소스 파일</Filter>
    </ClCompile>
    <ClCompile Include="A051_임승범_20240202.cpp">
      <Filter>소스 파일</Filter>
    </ClCompile>
    <ClCompile Include="A052_임승범_20240202.cpp">
      <Filter>소스 파일</Filter>
    </ClCompile>
    <ClCompile Include="A053_임승범_20240202.cpp">
      <Filter>소스 파일</Filter>
    </ClCompile>
    <ClCompile Include="A054_임승범_20240203.cpp">
      <Filter>소스 파일</Filter>
    </ClCompile>
    <ClCompile Include="A055_임승범_20240203.cpp">
      <Filter>소스 파일</Filter>
    </ClCompile>
    <ClCompile Include="A056_임승범_20240203.cpp">
      <Filter>소스 파일</Filter>
    </ClCompile>
    <ClCompile Include="A057_임승범_20240204.cpp">
      <Filter>소스 파일</Filter>
    </ClCompile>
    <ClCompile Include="A036_임승범_20240204.cpp">
      <Filter>소스 파일</Filter>
    </ClCompile>
    <ClCompile Include="A058_임승범_20240204.cpp">
      <Filter>소스 파일</Filter>
    </ClCompile>
    <ClCompile Include="A059_임승범_20240204.cpp">
      <Filter>소스 파일</Filter>
    </ClCompile>
    <ClCompile Include="A060_임승범_20240204.cpp">
      <Filter>소스 파일</Filter>
    </ClCompile>
    <ClCompile Include="A061_임승범_20240204.cpp">
      <Filter>소스 파일</Filter>
    </ClCompile>
    <ClCompile Include="A062_임승범_20240204.cpp">
      <Filter>소스 파일</Filter>
    </ClCompile>
    <ClCompile Include="A063_임승범_20240204.cpp">
      <Filter>소스 파일</Filter>
    </ClCompile>
    <ClCompile Include="A064_임승범_20240205.cpp">
      <Filter>소스 파일</Filter>
    </ClCompile>
    <ClCompile Include="A065_임승범_20240205.cpp">
      <Filter>소스 파일</Filter>
    </ClCompile>
    <ClCompile Include="A066_임승범_20240205.cpp">
      <Filter>소스 파일</Filter>
    </ClCompile>
    <ClCompile Include="A067_임승범_20240205.cpp">
      <Filter>소스 파일</Filter>
    </ClCompile>
    <ClCompile Include="A068_임승범_20240205.cpp">
      <Filter>소스 파일</Filter>
    </ClCompile>
    <ClCompile Include="A069_임승범_20240206.cpp">
      <Filter>소스 파일</Filter>
    </ClCompile>
    <ClCompile Include="A070_임승범_20240206.cpp">
      <Filter>소스 파일</Filter>
    </ClCompile>
    <ClCompile Include="A071_임승범_20240206.cpp">
      <Filter>소스 파일</Filter>
    </ClCompile>
    <ClCompile Include="A072_임승범_20240206.cpp">
      <Filter>소스 파일</Filter>
    </ClCompile>
    <ClCompile Include="A073_임승범_20240206.cpp">
      <Filter>소스 파일</Filter>
    </ClCompile>
    <ClCompile Include="A074_임승범_20240206.cpp">
      <Filter>소스 파일</Filter>
    </ClCompile>
    <ClCompile Include="A075_임승범_20240206.cpp">
      <Filter>소스 파일</Filter>
    </ClCompile>
    <ClCompile Include="A076_임승범_20240206.cpp">
      <Filter>소스 파일</Filter>
    </ClCompile>
    <ClCompile Include="A077_임승범_20240206.cpp">
      <Filter>소스 파일</Filter>
    </ClCompile>
    <ClCompile Include="A078_임승범_20240206.cpp">
      <Filter>소스 파일</Filter>
    </ClCompile>
    <ClCompile Include="A079_임승범_20240206.cpp">
      <Filter>소스 파일</Filter>
    </ClCompile>
    <ClCompile Include="A080_임승범_20240206.cpp">
      <Filter>소스 파일</Filter>
    </ClCompile>
    <ClCompile Include="A081_임승범_20240206.cpp">
      <Filter>소스 파일</Filter>
    </ClCompile>
    <ClCompile Include="A082_임승범_20240208.cpp">
      <Filter>소스 파일</Filter>
    </ClCompile>
    <ClCompile Include="A083_임승범_20240208.cpp">
      <Filter>소스 파일</Filter>
    </ClCompile>
    <ClCompile Include="A084_임승범_20240208.cpp">
      <Filter>소스 파일</Filter>
    </ClCompile>
    <ClCompile Include="A085_임승범_20240208.cpp">
      <Filter>소스 파일</Filter>
    </ClCompile>
    <ClCompile Include="A086_임승범_20240208.cpp">
      <Filter>소스 파일</Filter>
    </ClCompile>
    <ClCompile Include="A087_임승범_20240208.cpp">
      <Filter>소스 파일</Filter>
    </ClCompile>
    <ClCompile Include="A088_임승범_20240208.cpp">
      <Filter>소스 파일</Filter>
    </ClCompile>
    <ClCompile Include="A089_임승범_20240208.cpp">
      <Filter>소스 파일</Filter>
    </ClCompile>
    <ClCompile Include="A090_임승범_20240208.cpp">
      <Filter>소스 파일</Filter>
    </ClCompile>
  </ItemGroup>
</Project>